
Microsoft Visual Studio Solution File, Format Version 12.00
# Visual Studio Version 16
VisualStudioVersion = 16.0.29209.62
MinimumVisualStudioVersion = 10.0.40219.1
Project("{FAE04EC0-301F-11D3-BF4B-00C04F79EFBC}") = "HotelBook", "HotelBook\HotelBook.csproj", "{96CAAEA8-9259-48AB-AE79-4991F8A9E50D}"
EndProject
Global
	GlobalSection(SolutionConfigurationPlatforms) = preSolution
		Debug|Any CPU = Debug|Any CPU
		Release|Any CPU = Release|Any CPU
	EndGlobalSection
	GlobalSection(ProjectConfigurationPlatforms) = postSolution
		{96CAAEA8-9259-48AB-AE79-4991F8A9E50D}.Debug|Any CPU.ActiveCfg = Debug|Any CPU
		{96CAAEA8-9259-48AB-AE79-4991F8A9E50D}.Debug|Any CPU.Build.0 = Debug|Any CPU
		{96CAAEA8-9259-48AB-AE79-4991F8A9E50D}.Release|Any CPU.ActiveCfg = Release|Any CPU
		{96CAAEA8-9259-48AB-AE79-4991F8A9E50D}.Release|Any CPU.Build.0 = Release|Any CPU
	EndGlobalSection
	GlobalSection(SolutionProperties) = preSolution
		HideSolutionNode = FALSE
	EndGlobalSection
	GlobalSection(ExtensibilityGlobals) = postSolution
		SolutionGuid = {C7C53360-2749-43C0-8EB2-D043AAD4EE94}
	EndGlobalSection
EndGlobal
